// !$*UTF8*$!
{
	archiveVersion = 1;
	classes = {
	};
	objectVersion = 55;
	objects = {

/* Begin PBXBuildFile section */
		CD10878229E8709C00DF40AF /* DrawingParametersItem.m in Sources */ = {isa = PBXBuildFile; fileRef = CD10878129E8709C00DF40AF /* DrawingParametersItem.m */; };
		CD10878929E875F200DF40AF /* DrawingParametersViewController.xib in Resources */ = {isa = PBXBuildFile; fileRef = CD10878329E875F100DF40AF /* DrawingParametersViewController.xib */; };
		CD10878A29E875F200DF40AF /* DrawingParametersViewController.m in Sources */ = {isa = PBXBuildFile; fileRef = CD10878429E875F100DF40AF /* DrawingParametersViewController.m */; };
		CD10878B29E875F200DF40AF /* DrawingParametersItemViewController.m in Sources */ = {isa = PBXBuildFile; fileRef = CD10878629E875F100DF40AF /* DrawingParametersItemViewController.m */; };
		CD10878C29E875F200DF40AF /* DrawingParametersItemViewController.xib in Resources */ = {isa = PBXBuildFile; fileRef = CD10878729E875F200DF40AF /* DrawingParametersItemViewController.xib */; };
		CD10878F29E8B96B00DF40AF /* GlobalConstants.m in Sources */ = {isa = PBXBuildFile; fileRef = CD10878D29E8B96A00DF40AF /* GlobalConstants.m */; };
		CD1A2A2829E046AC00CD0848 /* ParametersHelper.m in Sources */ = {isa = PBXBuildFile; fileRef = CD1A2A2729E046AC00CD0848 /* ParametersHelper.m */; };
		CD7C43A129FE905E006D2063 /* CGDrawingHelper.m in Sources */ = {isa = PBXBuildFile; fileRef = CD7C43A029FE905E006D2063 /* CGDrawingHelper.m */; };
		CD7C43A429FE949F006D2063 /* UIColorAdditions.m in Sources */ = {isa = PBXBuildFile; fileRef = CD7C43A229FE949F006D2063 /* UIColorAdditions.m */; };
		CD84615229C78A5F00D4D6B7 /* AppDelegate.m in Sources */ = {isa = PBXBuildFile; fileRef = CD84615129C78A5F00D4D6B7 /* AppDelegate.m */; };
		CD84615529C78A5F00D4D6B7 /* SceneDelegate.m in Sources */ = {isa = PBXBuildFile; fileRef = CD84615429C78A5F00D4D6B7 /* SceneDelegate.m */; };
		CD84615829C78A5F00D4D6B7 /* ViewController.m in Sources */ = {isa = PBXBuildFile; fileRef = CD84615729C78A5F00D4D6B7 /* ViewController.m */; };
		CD84615B29C78A5F00D4D6B7 /* Main.storyboard in Resources */ = {isa = PBXBuildFile; fileRef = CD84615929C78A5F00D4D6B7 /* Main.storyboard */; };
		CD84615D29C78A6200D4D6B7 /* Assets.xcassets in Resources */ = {isa = PBXBuildFile; fileRef = CD84615C29C78A6200D4D6B7 /* Assets.xcassets */; };
		CD84616029C78A6200D4D6B7 /* LaunchScreen.storyboard in Resources */ = {isa = PBXBuildFile; fileRef = CD84615E29C78A6200D4D6B7 /* LaunchScreen.storyboard */; };
		CD84616329C78A6200D4D6B7 /* main.m in Sources */ = {isa = PBXBuildFile; fileRef = CD84616229C78A6200D4D6B7 /* main.m */; };
		CD84616D29C7CB5700D4D6B7 /* DrawingView.m in Sources */ = {isa = PBXBuildFile; fileRef = CD84616C29C7CB5700D4D6B7 /* DrawingView.m */; };
		CD84617029C7CBC200D4D6B7 /* DrawingHelper.m in Sources */ = {isa = PBXBuildFile; fileRef = CD84616F29C7CBC200D4D6B7 /* DrawingHelper.m */; };
		CD84617729C7D43400D4D6B7 /* StrokeParameters.m in Sources */ = {isa = PBXBuildFile; fileRef = CD84617529C7D43400D4D6B7 /* StrokeParameters.m */; };
		CDAD566929E5A4DD0036CF94 /* ShadowParameters.m in Sources */ = {isa = PBXBuildFile; fileRef = CDAD566829E5A4DD0036CF94 /* ShadowParameters.m */; };
		CDAD566D29E5A9640036CF94 /* ShadowParametersViewController.m in Sources */ = {isa = PBXBuildFile; fileRef = CDAD566B29E5A9640036CF94 /* ShadowParametersViewController.m */; };
		CDAD566E29E5A9640036CF94 /* ShadowParametersViewController.xib in Resources */ = {isa = PBXBuildFile; fileRef = CDAD566C29E5A9640036CF94 /* ShadowParametersViewController.xib */; };
		CDAD568629E5BB830036CF94 /* ArcParameters.m in Sources */ = {isa = PBXBuildFile; fileRef = CDAD567029E5BB820036CF94 /* ArcParameters.m */; };
		CDAD568729E5BB830036CF94 /* PathParameters.m in Sources */ = {isa = PBXBuildFile; fileRef = CDAD567129E5BB820036CF94 /* PathParameters.m */; };
		CDAD568829E5BB830036CF94 /* RectangleParameters.m in Sources */ = {isa = PBXBuildFile; fileRef = CDAD567529E5BB820036CF94 /* RectangleParameters.m */; };
		CDAD568929E5BB830036CF94 /* GradientFillParameters.m in Sources */ = {isa = PBXBuildFile; fileRef = CDAD567729E5BB820036CF94 /* GradientFillParameters.m */; };
		CDAD568A29E5BB830036CF94 /* SolidColorFillParameters.m in Sources */ = {isa = PBXBuildFile; fileRef = CDAD567829E5BB820036CF94 /* SolidColorFillParameters.m */; };
		CDAD568B29E5BB830036CF94 /* FillParameters.m in Sources */ = {isa = PBXBuildFile; fileRef = CDAD567C29E5BB820036CF94 /* FillParameters.m */; };
		CDAD568C29E5BB830036CF94 /* LinearGradientParameters.m in Sources */ = {isa = PBXBuildFile; fileRef = CDAD567E29E5BB820036CF94 /* LinearGradientParameters.m */; };
		CDAD568D29E5BB830036CF94 /* GradientParameters.m in Sources */ = {isa = PBXBuildFile; fileRef = CDAD568029E5BB820036CF94 /* GradientParameters.m */; };
		CDAD568E29E5BB830036CF94 /* RadialGradientParameters.m in Sources */ = {isa = PBXBuildFile; fileRef = CDAD568229E5BB820036CF94 /* RadialGradientParameters.m */; };
		CDAD568F29E5BB830036CF94 /* GradientStopParameters.m in Sources */ = {isa = PBXBuildFile; fileRef = CDAD568529E5BB820036CF94 /* GradientStopParameters.m */; };
		CDAD569929E5C2080036CF94 /* SolidColorFillParametersViewController.xib in Resources */ = {isa = PBXBuildFile; fileRef = CDAD569429E5C2070036CF94 /* SolidColorFillParametersViewController.xib */; };
		CDAD569A29E5C2080036CF94 /* GradientFillParametersViewController.m in Sources */ = {isa = PBXBuildFile; fileRef = CDAD569529E5C2070036CF94 /* GradientFillParametersViewController.m */; };
		CDAD569B29E5C2080036CF94 /* GradientFillParametersViewController.xib in Resources */ = {isa = PBXBuildFile; fileRef = CDAD569629E5C2070036CF94 /* GradientFillParametersViewController.xib */; };
		CDAD569C29E5C2080036CF94 /* SolidColorFillParametersViewController.m in Sources */ = {isa = PBXBuildFile; fileRef = CDAD569829E5C2080036CF94 /* SolidColorFillParametersViewController.m */; };
		CDB6A11D29CF5A34007618BA /* FillParametersViewController.m in Sources */ = {isa = PBXBuildFile; fileRef = CDB6A11A29CF5A34007618BA /* FillParametersViewController.m */; };
		CDB6A11E29CF5A34007618BA /* FillParametersViewController.xib in Resources */ = {isa = PBXBuildFile; fileRef = CDB6A11C29CF5A34007618BA /* FillParametersViewController.xib */; };
		CDB6A12129CF64B5007618BA /* AffineTransformParameters.m in Sources */ = {isa = PBXBuildFile; fileRef = CDB6A11F29CF64B5007618BA /* AffineTransformParameters.m */; };
		CDB6A12629CF7900007618BA /* AffineTransformParametersViewController.m in Sources */ = {isa = PBXBuildFile; fileRef = CDB6A12329CF7900007618BA /* AffineTransformParametersViewController.m */; };
		CDB6A13629D07323007618BA /* GradientStopParametersViewController.m in Sources */ = {isa = PBXBuildFile; fileRef = CDB6A13329D07322007618BA /* GradientStopParametersViewController.m */; };
		CDB6A13729D07323007618BA /* GradientStopParametersViewController.xib in Resources */ = {isa = PBXBuildFile; fileRef = CDB6A13529D07323007618BA /* GradientStopParametersViewController.xib */; };
		CDB6A13B29D07A3B007618BA /* LinearGradientParametersViewController.m in Sources */ = {isa = PBXBuildFile; fileRef = CDB6A13929D07A3A007618BA /* LinearGradientParametersViewController.m */; };
		CDB6A13C29D07A3B007618BA /* LinearGradientParametersViewController.xib in Resources */ = {isa = PBXBuildFile; fileRef = CDB6A13A29D07A3A007618BA /* LinearGradientParametersViewController.xib */; };
		CDB6A14029D083FE007618BA /* GradientParametersViewController.m in Sources */ = {isa = PBXBuildFile; fileRef = CDB6A13E29D083FE007618BA /* GradientParametersViewController.m */; };
		CDB6A14129D083FE007618BA /* GradientParametersViewController.xib in Resources */ = {isa = PBXBuildFile; fileRef = CDB6A13F29D083FE007618BA /* GradientParametersViewController.xib */; };
		CDB6A14529D09815007618BA /* RadialGradientParametersViewController.xib in Resources */ = {isa = PBXBuildFile; fileRef = CDB6A14229D09815007618BA /* RadialGradientParametersViewController.xib */; };
		CDB6A14629D09815007618BA /* RadialGradientParametersViewController.m in Sources */ = {isa = PBXBuildFile; fileRef = CDB6A14429D09815007618BA /* RadialGradientParametersViewController.m */; };
		CDB6A14929D6E2BD007618BA /* DrawingParameters.m in Sources */ = {isa = PBXBuildFile; fileRef = CDB6A14829D6E2BD007618BA /* DrawingParameters.m */; };
		CDB6A14C29D7470F007618BA /* AffineTransformParametersViewController.xib in Resources */ = {isa = PBXBuildFile; fileRef = CDB6A14B29D7470F007618BA /* AffineTransformParametersViewController.xib */; };
		CDB6A15629D78E71007618BA /* RectangleParametersViewController.xib in Resources */ = {isa = PBXBuildFile; fileRef = CDB6A15329D78E70007618BA /* RectangleParametersViewController.xib */; };
		CDB6A15729D78E71007618BA /* RectangleParametersViewController.m in Sources */ = {isa = PBXBuildFile; fileRef = CDB6A15529D78E71007618BA /* RectangleParametersViewController.m */; };
		CDB6A15B29D78E95007618BA /* PathParametersViewController.m in Sources */ = {isa = PBXBuildFile; fileRef = CDB6A15829D78E94007618BA /* PathParametersViewController.m */; };
		CDB6A15C29D78E95007618BA /* PathParametersViewController.xib in Resources */ = {isa = PBXBuildFile; fileRef = CDB6A15A29D78E95007618BA /* PathParametersViewController.xib */; };
		CDB6A16829D8899A007618BA /* ShearAffineTransformParameters.m in Sources */ = {isa = PBXBuildFile; fileRef = CDB6A16029D8899A007618BA /* ShearAffineTransformParameters.m */; };
		CDB6A16929D8899A007618BA /* MatrixAffineTransformParameters.m in Sources */ = {isa = PBXBuildFile; fileRef = CDB6A16129D8899A007618BA /* MatrixAffineTransformParameters.m */; };
		CDB6A16A29D8899A007618BA /* RotateAffineTransformParameters.m in Sources */ = {isa = PBXBuildFile; fileRef = CDB6A16329D8899A007618BA /* RotateAffineTransformParameters.m */; };
		CDB6A16B29D8899A007618BA /* TranslateAffineTransformParameters.m in Sources */ = {isa = PBXBuildFile; fileRef = CDB6A16429D8899A007618BA /* TranslateAffineTransformParameters.m */; };
		CDB6A16C29D8899A007618BA /* ScaleAffineTransformParameters.m in Sources */ = {isa = PBXBuildFile; fileRef = CDB6A16729D8899A007618BA /* ScaleAffineTransformParameters.m */; };
		CDB6A16F29D88EC2007618BA /* AffineTransformParametersItem.m in Sources */ = {isa = PBXBuildFile; fileRef = CDB6A16E29D88EC2007618BA /* AffineTransformParametersItem.m */; };
		CDB6A17429D8BF65007618BA /* MatrixAffineTransformParametersViewController.xib in Resources */ = {isa = PBXBuildFile; fileRef = CDB6A17129D8BF65007618BA /* MatrixAffineTransformParametersViewController.xib */; };
		CDB6A17529D8BF65007618BA /* MatrixAffineTransformParametersViewController.m in Sources */ = {isa = PBXBuildFile; fileRef = CDB6A17329D8BF65007618BA /* MatrixAffineTransformParametersViewController.m */; };
		CDB6A17929D8C18E007618BA /* ScaleAffineTransformParametersViewController.m in Sources */ = {isa = PBXBuildFile; fileRef = CDB6A17729D8C18E007618BA /* ScaleAffineTransformParametersViewController.m */; };
		CDB6A17A29D8C18E007618BA /* ScaleAffineTransformParametersViewController.xib in Resources */ = {isa = PBXBuildFile; fileRef = CDB6A17829D8C18E007618BA /* ScaleAffineTransformParametersViewController.xib */; };
		CDB6A17E29D8E4BE007618BA /* ShearAffineTransformParametersViewController.m in Sources */ = {isa = PBXBuildFile; fileRef = CDB6A17B29D8E4BE007618BA /* ShearAffineTransformParametersViewController.m */; };
		CDB6A17F29D8E4BE007618BA /* ShearAffineTransformParametersViewController.xib in Resources */ = {isa = PBXBuildFile; fileRef = CDB6A17C29D8E4BE007618BA /* ShearAffineTransformParametersViewController.xib */; };
		CDB6A18329D8E6A5007618BA /* RotateAffineTransformParametersViewController.m in Sources */ = {isa = PBXBuildFile; fileRef = CDB6A18029D8E6A5007618BA /* RotateAffineTransformParametersViewController.m */; };
		CDB6A18429D8E6A5007618BA /* RotateAffineTransformParametersViewController.xib in Resources */ = {isa = PBXBuildFile; fileRef = CDB6A18229D8E6A5007618BA /* RotateAffineTransformParametersViewController.xib */; };
		CDB6A18829D8E896007618BA /* TranslateAffineTransformParametersViewController.xib in Resources */ = {isa = PBXBuildFile; fileRef = CDB6A18529D8E896007618BA /* TranslateAffineTransformParametersViewController.xib */; };
		CDB6A18929D8E896007618BA /* TranslateAffineTransformParametersViewController.m in Sources */ = {isa = PBXBuildFile; fileRef = CDB6A18729D8E896007618BA /* TranslateAffineTransformParametersViewController.m */; };
		CDB6A18D29D8EA5E007618BA /* AffineTransformParametersItemViewController.xib in Resources */ = {isa = PBXBuildFile; fileRef = CDB6A18A29D8EA5E007618BA /* AffineTransformParametersItemViewController.xib */; };
		CDB6A18E29D8EA5F007618BA /* AffineTransformParametersItemViewController.m in Sources */ = {isa = PBXBuildFile; fileRef = CDB6A18C29D8EA5E007618BA /* AffineTransformParametersItemViewController.m */; };
		CDC0F9DD29CBAAD10005F9F6 /* StrokeParametersViewController.m in Sources */ = {isa = PBXBuildFile; fileRef = CDC0F9DB29CBAAD10005F9F6 /* StrokeParametersViewController.m */; };
		CDC0F9DE29CBAAD10005F9F6 /* StrokeParametersViewController.xib in Resources */ = {isa = PBXBuildFile; fileRef = CDC0F9DC29CBAAD10005F9F6 /* StrokeParametersViewController.xib */; };
		CDC0F9E229CE06E80005F9F6 /* ColorParametersViewController.m in Sources */ = {isa = PBXBuildFile; fileRef = CDC0F9E029CE06E80005F9F6 /* ColorParametersViewController.m */; };
		CDC0F9E329CE06E80005F9F6 /* ColorParametersViewController.xib in Resources */ = {isa = PBXBuildFile; fileRef = CDC0F9E129CE06E80005F9F6 /* ColorParametersViewController.xib */; };
		CDC0F9EB29CE154F0005F9F6 /* AutoLayoutUtility.m in Sources */ = {isa = PBXBuildFile; fileRef = CDC0F9EA29CE154F0005F9F6 /* AutoLayoutUtility.m */; };
		CDC0F9EE29CE189C0005F9F6 /* ColorParameters.m in Sources */ = {isa = PBXBuildFile; fileRef = CDC0F9EC29CE189C0005F9F6 /* ColorParameters.m */; };
		CDC0F9F129CF197B0005F9F6 /* Converter.m in Sources */ = {isa = PBXBuildFile; fileRef = CDC0F9EF29CF197B0005F9F6 /* Converter.m */; };
		CDC0F9F529CF2C5D0005F9F6 /* ArcParametersViewController.m in Sources */ = {isa = PBXBuildFile; fileRef = CDC0F9F329CF2C5D0005F9F6 /* ArcParametersViewController.m */; };
		CDC0F9F629CF2C5D0005F9F6 /* ArcParametersViewController.xib in Resources */ = {isa = PBXBuildFile; fileRef = CDC0F9F429CF2C5D0005F9F6 /* ArcParametersViewController.xib */; };
/* End PBXBuildFile section */

/* Begin PBXFileReference section */
		CD10878029E8709C00DF40AF /* DrawingParametersItem.h */ = {isa = PBXFileReference; fileEncoding = 4; lastKnownFileType = sourcecode.c.h; path = DrawingParametersItem.h; sourceTree = "<group>"; };
		CD10878129E8709C00DF40AF /* DrawingParametersItem.m */ = {isa = PBXFileReference; fileEncoding = 4; lastKnownFileType = sourcecode.c.objc; path = DrawingParametersItem.m; sourceTree = "<group>"; };
		CD10878329E875F100DF40AF /* DrawingParametersViewController.xib */ = {isa = PBXFileReference; fileEncoding = 4; lastKnownFileType = file.xib; path = DrawingParametersViewController.xib; sourceTree = "<group>"; };
		CD10878429E875F100DF40AF /* DrawingParametersViewController.m */ = {isa = PBXFileReference; fileEncoding = 4; lastKnownFileType = sourcecode.c.objc; path = DrawingParametersViewController.m; sourceTree = "<group>"; };
		CD10878529E875F100DF40AF /* DrawingParametersViewController.h */ = {isa = PBXFileReference; fileEncoding = 4; lastKnownFileType = sourcecode.c.h; path = DrawingParametersViewController.h; sourceTree = "<group>"; };
		CD10878629E875F100DF40AF /* DrawingParametersItemViewController.m */ = {isa = PBXFileReference; fileEncoding = 4; lastKnownFileType = sourcecode.c.objc; path = DrawingParametersItemViewController.m; sourceTree = "<group>"; };
		CD10878729E875F200DF40AF /* DrawingParametersItemViewController.xib */ = {isa = PBXFileReference; fileEncoding = 4; lastKnownFileType = file.xib; path = DrawingParametersItemViewController.xib; sourceTree = "<group>"; };
		CD10878829E875F200DF40AF /* DrawingParametersItemViewController.h */ = {isa = PBXFileReference; fileEncoding = 4; lastKnownFileType = sourcecode.c.h; path = DrawingParametersItemViewController.h; sourceTree = "<group>"; };
		CD10878D29E8B96A00DF40AF /* GlobalConstants.m */ = {isa = PBXFileReference; fileEncoding = 4; lastKnownFileType = sourcecode.c.objc; path = GlobalConstants.m; sourceTree = "<group>"; };
		CD10878E29E8B96A00DF40AF /* GlobalConstants.h */ = {isa = PBXFileReference; fileEncoding = 4; lastKnownFileType = sourcecode.c.h; path = GlobalConstants.h; sourceTree = "<group>"; };
		CD1A2A2629E046AC00CD0848 /* ParametersHelper.h */ = {isa = PBXFileReference; fileEncoding = 4; lastKnownFileType = sourcecode.c.h; path = ParametersHelper.h; sourceTree = "<group>"; };
		CD1A2A2729E046AC00CD0848 /* ParametersHelper.m */ = {isa = PBXFileReference; fileEncoding = 4; lastKnownFileType = sourcecode.c.objc; path = ParametersHelper.m; sourceTree = "<group>"; };
		CD7C439F29FE905E006D2063 /* CGDrawingHelper.h */ = {isa = PBXFileReference; fileEncoding = 4; lastKnownFileType = sourcecode.c.h; path = CGDrawingHelper.h; sourceTree = "<group>"; };
		CD7C43A029FE905E006D2063 /* CGDrawingHelper.m */ = {isa = PBXFileReference; fileEncoding = 4; lastKnownFileType = sourcecode.c.objc; path = CGDrawingHelper.m; sourceTree = "<group>"; };
		CD7C43A229FE949F006D2063 /* UIColorAdditions.m */ = {isa = PBXFileReference; fileEncoding = 4; lastKnownFileType = sourcecode.c.objc; path = UIColorAdditions.m; sourceTree = "<group>"; };
		CD7C43A329FE949F006D2063 /* UIColorAdditions.h */ = {isa = PBXFileReference; fileEncoding = 4; lastKnownFileType = sourcecode.c.h; path = UIColorAdditions.h; sourceTree = "<group>"; };
		CD84614D29C78A5F00D4D6B7 /* core-graphics.app */ = {isa = PBXFileReference; explicitFileType = wrapper.application; includeInIndex = 0; path = "core-graphics.app"; sourceTree = BUILT_PRODUCTS_DIR; };
		CD84615029C78A5F00D4D6B7 /* AppDelegate.h */ = {isa = PBXFileReference; lastKnownFileType = sourcecode.c.h; path = AppDelegate.h; sourceTree = "<group>"; };
		CD84615129C78A5F00D4D6B7 /* AppDelegate.m */ = {isa = PBXFileReference; lastKnownFileType = sourcecode.c.objc; path = AppDelegate.m; sourceTree = "<group>"; };
		CD84615329C78A5F00D4D6B7 /* SceneDelegate.h */ = {isa = PBXFileReference; lastKnownFileType = sourcecode.c.h; path = SceneDelegate.h; sourceTree = "<group>"; };
		CD84615429C78A5F00D4D6B7 /* SceneDelegate.m */ = {isa = PBXFileReference; lastKnownFileType = sourcecode.c.objc; path = SceneDelegate.m; sourceTree = "<group>"; };
		CD84615629C78A5F00D4D6B7 /* ViewController.h */ = {isa = PBXFileReference; lastKnownFileType = sourcecode.c.h; path = ViewController.h; sourceTree = "<group>"; };
		CD84615729C78A5F00D4D6B7 /* ViewController.m */ = {isa = PBXFileReference; lastKnownFileType = sourcecode.c.objc; path = ViewController.m; sourceTree = "<group>"; };
		CD84615A29C78A5F00D4D6B7 /* Base */ = {isa = PBXFileReference; lastKnownFileType = file.storyboard; name = Base; path = Base.lproj/Main.storyboard; sourceTree = "<group>"; };
		CD84615C29C78A6200D4D6B7 /* Assets.xcassets */ = {isa = PBXFileReference; lastKnownFileType = folder.assetcatalog; path = Assets.xcassets; sourceTree = "<group>"; };
		CD84615F29C78A6200D4D6B7 /* Base */ = {isa = PBXFileReference; lastKnownFileType = file.storyboard; name = Base; path = Base.lproj/LaunchScreen.storyboard; sourceTree = "<group>"; };
		CD84616129C78A6200D4D6B7 /* Info.plist */ = {isa = PBXFileReference; lastKnownFileType = text.plist.xml; path = Info.plist; sourceTree = "<group>"; };
		CD84616229C78A6200D4D6B7 /* main.m */ = {isa = PBXFileReference; lastKnownFileType = sourcecode.c.objc; path = main.m; sourceTree = "<group>"; };
		CD84616B29C7CB5700D4D6B7 /* DrawingView.h */ = {isa = PBXFileReference; lastKnownFileType = sourcecode.c.h; path = DrawingView.h; sourceTree = "<group>"; };
		CD84616C29C7CB5700D4D6B7 /* DrawingView.m */ = {isa = PBXFileReference; lastKnownFileType = sourcecode.c.objc; path = DrawingView.m; sourceTree = "<group>"; };
		CD84616E29C7CBC200D4D6B7 /* DrawingHelper.h */ = {isa = PBXFileReference; lastKnownFileType = sourcecode.c.h; path = DrawingHelper.h; sourceTree = "<group>"; };
		CD84616F29C7CBC200D4D6B7 /* DrawingHelper.m */ = {isa = PBXFileReference; lastKnownFileType = sourcecode.c.objc; path = DrawingHelper.m; sourceTree = "<group>"; };
		CD84617529C7D43400D4D6B7 /* StrokeParameters.m */ = {isa = PBXFileReference; fileEncoding = 4; lastKnownFileType = sourcecode.c.objc; path = StrokeParameters.m; sourceTree = "<group>"; };
		CD84617629C7D43400D4D6B7 /* StrokeParameters.h */ = {isa = PBXFileReference; fileEncoding = 4; lastKnownFileType = sourcecode.c.h; path = StrokeParameters.h; sourceTree = "<group>"; };
		CDAD566729E5A4DD0036CF94 /* ShadowParameters.h */ = {isa = PBXFileReference; lastKnownFileType = sourcecode.c.h; path = ShadowParameters.h; sourceTree = "<group>"; };
		CDAD566829E5A4DD0036CF94 /* ShadowParameters.m */ = {isa = PBXFileReference; lastKnownFileType = sourcecode.c.objc; path = ShadowParameters.m; sourceTree = "<group>"; };
		CDAD566A29E5A9640036CF94 /* ShadowParametersViewController.h */ = {isa = PBXFileReference; fileEncoding = 4; lastKnownFileType = sourcecode.c.h; path = ShadowParametersViewController.h; sourceTree = "<group>"; };
		CDAD566B29E5A9640036CF94 /* ShadowParametersViewController.m */ = {isa = PBXFileReference; fileEncoding = 4; lastKnownFileType = sourcecode.c.objc; path = ShadowParametersViewController.m; sourceTree = "<group>"; };
		CDAD566C29E5A9640036CF94 /* ShadowParametersViewController.xib */ = {isa = PBXFileReference; fileEncoding = 4; lastKnownFileType = file.xib; path = ShadowParametersViewController.xib; sourceTree = "<group>"; };
		CDAD567029E5BB820036CF94 /* ArcParameters.m */ = {isa = PBXFileReference; fileEncoding = 4; lastKnownFileType = sourcecode.c.objc; path = ArcParameters.m; sourceTree = "<group>"; };
		CDAD567129E5BB820036CF94 /* PathParameters.m */ = {isa = PBXFileReference; fileEncoding = 4; lastKnownFileType = sourcecode.c.objc; path = PathParameters.m; sourceTree = "<group>"; };
		CDAD567229E5BB820036CF94 /* RectangleParameters.h */ = {isa = PBXFileReference; fileEncoding = 4; lastKnownFileType = sourcecode.c.h; path = RectangleParameters.h; sourceTree = "<group>"; };
		CDAD567329E5BB820036CF94 /* PathParameters.h */ = {isa = PBXFileReference; fileEncoding = 4; lastKnownFileType = sourcecode.c.h; path = PathParameters.h; sourceTree = "<group>"; };
		CDAD567429E5BB820036CF94 /* ArcParameters.h */ = {isa = PBXFileReference; fileEncoding = 4; lastKnownFileType = sourcecode.c.h; path = ArcParameters.h; sourceTree = "<group>"; };
		CDAD567529E5BB820036CF94 /* RectangleParameters.m */ = {isa = PBXFileReference; fileEncoding = 4; lastKnownFileType = sourcecode.c.objc; path = RectangleParameters.m; sourceTree = "<group>"; };
		CDAD567729E5BB820036CF94 /* GradientFillParameters.m */ = {isa = PBXFileReference; fileEncoding = 4; lastKnownFileType = sourcecode.c.objc; path = GradientFillParameters.m; sourceTree = "<group>"; };
		CDAD567829E5BB820036CF94 /* SolidColorFillParameters.m */ = {isa = PBXFileReference; fileEncoding = 4; lastKnownFileType = sourcecode.c.objc; path = SolidColorFillParameters.m; sourceTree = "<group>"; };
		CDAD567929E5BB820036CF94 /* FillParameters.h */ = {isa = PBXFileReference; fileEncoding = 4; lastKnownFileType = sourcecode.c.h; path = FillParameters.h; sourceTree = "<group>"; };
		CDAD567A29E5BB820036CF94 /* GradientFillParameters.h */ = {isa = PBXFileReference; fileEncoding = 4; lastKnownFileType = sourcecode.c.h; path = GradientFillParameters.h; sourceTree = "<group>"; };
		CDAD567B29E5BB820036CF94 /* SolidColorFillParameters.h */ = {isa = PBXFileReference; fileEncoding = 4; lastKnownFileType = sourcecode.c.h; path = SolidColorFillParameters.h; sourceTree = "<group>"; };
		CDAD567C29E5BB820036CF94 /* FillParameters.m */ = {isa = PBXFileReference; fileEncoding = 4; lastKnownFileType = sourcecode.c.objc; path = FillParameters.m; sourceTree = "<group>"; };
		CDAD567E29E5BB820036CF94 /* LinearGradientParameters.m */ = {isa = PBXFileReference; fileEncoding = 4; lastKnownFileType = sourcecode.c.objc; path = LinearGradientParameters.m; sourceTree = "<group>"; };
		CDAD567F29E5BB820036CF94 /* RadialGradientParameters.h */ = {isa = PBXFileReference; fileEncoding = 4; lastKnownFileType = sourcecode.c.h; path = RadialGradientParameters.h; sourceTree = "<group>"; };
		CDAD568029E5BB820036CF94 /* GradientParameters.m */ = {isa = PBXFileReference; fileEncoding = 4; lastKnownFileType = sourcecode.c.objc; path = GradientParameters.m; sourceTree = "<group>"; };
		CDAD568129E5BB820036CF94 /* GradientStopParameters.h */ = {isa = PBXFileReference; fileEncoding = 4; lastKnownFileType = sourcecode.c.h; path = GradientStopParameters.h; sourceTree = "<group>"; };
		CDAD568229E5BB820036CF94 /* RadialGradientParameters.m */ = {isa = PBXFileReference; fileEncoding = 4; lastKnownFileType = sourcecode.c.objc; path = RadialGradientParameters.m; sourceTree = "<group>"; };
		CDAD568329E5BB820036CF94 /* LinearGradientParameters.h */ = {isa = PBXFileReference; fileEncoding = 4; lastKnownFileType = sourcecode.c.h; path = LinearGradientParameters.h; sourceTree = "<group>"; };
		CDAD568429E5BB820036CF94 /* GradientParameters.h */ = {isa = PBXFileReference; fileEncoding = 4; lastKnownFileType = sourcecode.c.h; path = GradientParameters.h; sourceTree = "<group>"; };
		CDAD568529E5BB820036CF94 /* GradientStopParameters.m */ = {isa = PBXFileReference; fileEncoding = 4; lastKnownFileType = sourcecode.c.objc; path = GradientStopParameters.m; sourceTree = "<group>"; };
		CDAD569329E5C2070036CF94 /* SolidColorFillParametersViewController.h */ = {isa = PBXFileReference; fileEncoding = 4; lastKnownFileType = sourcecode.c.h; path = SolidColorFillParametersViewController.h; sourceTree = "<group>"; };
		CDAD569429E5C2070036CF94 /* SolidColorFillParametersViewController.xib */ = {isa = PBXFileReference; fileEncoding = 4; lastKnownFileType = file.xib; path = SolidColorFillParametersViewController.xib; sourceTree = "<group>"; };
		CDAD569529E5C2070036CF94 /* GradientFillParametersViewController.m */ = {isa = PBXFileReference; fileEncoding = 4; lastKnownFileType = sourcecode.c.objc; path = GradientFillParametersViewController.m; sourceTree = "<group>"; };
		CDAD569629E5C2070036CF94 /* GradientFillParametersViewController.xib */ = {isa = PBXFileReference; fileEncoding = 4; lastKnownFileType = file.xib; path = GradientFillParametersViewController.xib; sourceTree = "<group>"; };
		CDAD569729E5C2080036CF94 /* GradientFillParametersViewController.h */ = {isa = PBXFileReference; fileEncoding = 4; lastKnownFileType = sourcecode.c.h; path = GradientFillParametersViewController.h; sourceTree = "<group>"; };
		CDAD569829E5C2080036CF94 /* SolidColorFillParametersViewController.m */ = {isa = PBXFileReference; fileEncoding = 4; lastKnownFileType = sourcecode.c.objc; path = SolidColorFillParametersViewController.m; sourceTree = "<group>"; };
		CDB6A11A29CF5A34007618BA /* FillParametersViewController.m */ = {isa = PBXFileReference; fileEncoding = 4; lastKnownFileType = sourcecode.c.objc; path = FillParametersViewController.m; sourceTree = "<group>"; };
		CDB6A11B29CF5A34007618BA /* FillParametersViewController.h */ = {isa = PBXFileReference; fileEncoding = 4; lastKnownFileType = sourcecode.c.h; path = FillParametersViewController.h; sourceTree = "<group>"; };
		CDB6A11C29CF5A34007618BA /* FillParametersViewController.xib */ = {isa = PBXFileReference; fileEncoding = 4; lastKnownFileType = file.xib; path = FillParametersViewController.xib; sourceTree = "<group>"; };
		CDB6A11F29CF64B5007618BA /* AffineTransformParameters.m */ = {isa = PBXFileReference; fileEncoding = 4; lastKnownFileType = sourcecode.c.objc; path = AffineTransformParameters.m; sourceTree = "<group>"; };
		CDB6A12029CF64B5007618BA /* AffineTransformParameters.h */ = {isa = PBXFileReference; fileEncoding = 4; lastKnownFileType = sourcecode.c.h; path = AffineTransformParameters.h; sourceTree = "<group>"; };
		CDB6A12329CF7900007618BA /* AffineTransformParametersViewController.m */ = {isa = PBXFileReference; fileEncoding = 4; lastKnownFileType = sourcecode.c.objc; path = AffineTransformParametersViewController.m; sourceTree = "<group>"; };
		CDB6A12429CF7900007618BA /* AffineTransformParametersViewController.h */ = {isa = PBXFileReference; fileEncoding = 4; lastKnownFileType = sourcecode.c.h; path = AffineTransformParametersViewController.h; sourceTree = "<group>"; };
		CDB6A13329D07322007618BA /* GradientStopParametersViewController.m */ = {isa = PBXFileReference; fileEncoding = 4; lastKnownFileType = sourcecode.c.objc; path = GradientStopParametersViewController.m; sourceTree = "<group>"; };
		CDB6A13429D07323007618BA /* GradientStopParametersViewController.h */ = {isa = PBXFileReference; fileEncoding = 4; lastKnownFileType = sourcecode.c.h; path = GradientStopParametersViewController.h; sourceTree = "<group>"; };
		CDB6A13529D07323007618BA /* GradientStopParametersViewController.xib */ = {isa = PBXFileReference; fileEncoding = 4; lastKnownFileType = file.xib; path = GradientStopParametersViewController.xib; sourceTree = "<group>"; };
		CDB6A13829D07A3A007618BA /* LinearGradientParametersViewController.h */ = {isa = PBXFileReference; fileEncoding = 4; lastKnownFileType = sourcecode.c.h; path = LinearGradientParametersViewController.h; sourceTree = "<group>"; };
		CDB6A13929D07A3A007618BA /* LinearGradientParametersViewController.m */ = {isa = PBXFileReference; fileEncoding = 4; lastKnownFileType = sourcecode.c.objc; path = LinearGradientParametersViewController.m; sourceTree = "<group>"; };
		CDB6A13A29D07A3A007618BA /* LinearGradientParametersViewController.xib */ = {isa = PBXFileReference; fileEncoding = 4; lastKnownFileType = file.xib; path = LinearGradientParametersViewController.xib; sourceTree = "<group>"; };
		CDB6A13D29D083FE007618BA /* GradientParametersViewController.h */ = {isa = PBXFileReference; lastKnownFileType = sourcecode.c.h; path = GradientParametersViewController.h; sourceTree = "<group>"; };
		CDB6A13E29D083FE007618BA /* GradientParametersViewController.m */ = {isa = PBXFileReference; lastKnownFileType = sourcecode.c.objc; path = GradientParametersViewController.m; sourceTree = "<group>"; };
		CDB6A13F29D083FE007618BA /* GradientParametersViewController.xib */ = {isa = PBXFileReference; lastKnownFileType = file.xib; path = GradientParametersViewController.xib; sourceTree = "<group>"; };
		CDB6A14229D09815007618BA /* RadialGradientParametersViewController.xib */ = {isa = PBXFileReference; fileEncoding = 4; lastKnownFileType = file.xib; path = RadialGradientParametersViewController.xib; sourceTree = "<group>"; };
		CDB6A14329D09815007618BA /* RadialGradientParametersViewController.h */ = {isa = PBXFileReference; fileEncoding = 4; lastKnownFileType = sourcecode.c.h; path = RadialGradientParametersViewController.h; sourceTree = "<group>"; };
		CDB6A14429D09815007618BA /* RadialGradientParametersViewController.m */ = {isa = PBXFileReference; fileEncoding = 4; lastKnownFileType = sourcecode.c.objc; path = RadialGradientParametersViewController.m; sourceTree = "<group>"; };
		CDB6A14729D6E2BD007618BA /* DrawingParameters.h */ = {isa = PBXFileReference; lastKnownFileType = sourcecode.c.h; path = DrawingParameters.h; sourceTree = "<group>"; };
		CDB6A14829D6E2BD007618BA /* DrawingParameters.m */ = {isa = PBXFileReference; lastKnownFileType = sourcecode.c.objc; path = DrawingParameters.m; sourceTree = "<group>"; };
		CDB6A14B29D7470F007618BA /* AffineTransformParametersViewController.xib */ = {isa = PBXFileReference; fileEncoding = 4; lastKnownFileType = file.xib; path = AffineTransformParametersViewController.xib; sourceTree = "<group>"; };
		CDB6A15329D78E70007618BA /* RectangleParametersViewController.xib */ = {isa = PBXFileReference; fileEncoding = 4; lastKnownFileType = file.xib; path = RectangleParametersViewController.xib; sourceTree = "<group>"; };
		CDB6A15429D78E70007618BA /* RectangleParametersViewController.h */ = {isa = PBXFileReference; fileEncoding = 4; lastKnownFileType = sourcecode.c.h; path = RectangleParametersViewController.h; sourceTree = "<group>"; };
		CDB6A15529D78E71007618BA /* RectangleParametersViewController.m */ = {isa = PBXFileReference; fileEncoding = 4; lastKnownFileType = sourcecode.c.objc; path = RectangleParametersViewController.m; sourceTree = "<group>"; };
		CDB6A15829D78E94007618BA /* PathParametersViewController.m */ = {isa = PBXFileReference; fileEncoding = 4; lastKnownFileType = sourcecode.c.objc; path = PathParametersViewController.m; sourceTree = "<group>"; };
		CDB6A15929D78E95007618BA /* PathParametersViewController.h */ = {isa = PBXFileReference; fileEncoding = 4; lastKnownFileType = sourcecode.c.h; path = PathParametersViewController.h; sourceTree = "<group>"; };
		CDB6A15A29D78E95007618BA /* PathParametersViewController.xib */ = {isa = PBXFileReference; fileEncoding = 4; lastKnownFileType = file.xib; path = PathParametersViewController.xib; sourceTree = "<group>"; };
		CDB6A15E29D8899A007618BA /* ScaleAffineTransformParameters.h */ = {isa = PBXFileReference; fileEncoding = 4; lastKnownFileType = sourcecode.c.h; path = ScaleAffineTransformParameters.h; sourceTree = "<group>"; };
		CDB6A15F29D8899A007618BA /* MatrixAffineTransformParameters.h */ = {isa = PBXFileReference; fileEncoding = 4; lastKnownFileType = sourcecode.c.h; path = MatrixAffineTransformParameters.h; sourceTree = "<group>"; };
		CDB6A16029D8899A007618BA /* ShearAffineTransformParameters.m */ = {isa = PBXFileReference; fileEncoding = 4; lastKnownFileType = sourcecode.c.objc; path = ShearAffineTransformParameters.m; sourceTree = "<group>"; };
		CDB6A16129D8899A007618BA /* MatrixAffineTransformParameters.m */ = {isa = PBXFileReference; fileEncoding = 4; lastKnownFileType = sourcecode.c.objc; path = MatrixAffineTransformParameters.m; sourceTree = "<group>"; };
		CDB6A16229D8899A007618BA /* RotateAffineTransformParameters.h */ = {isa = PBXFileReference; fileEncoding = 4; lastKnownFileType = sourcecode.c.h; path = RotateAffineTransformParameters.h; sourceTree = "<group>"; };
		CDB6A16329D8899A007618BA /* RotateAffineTransformParameters.m */ = {isa = PBXFileReference; fileEncoding = 4; lastKnownFileType = sourcecode.c.objc; path = RotateAffineTransformParameters.m; sourceTree = "<group>"; };
		CDB6A16429D8899A007618BA /* TranslateAffineTransformParameters.m */ = {isa = PBXFileReference; fileEncoding = 4; lastKnownFileType = sourcecode.c.objc; path = TranslateAffineTransformParameters.m; sourceTree = "<group>"; };
		CDB6A16529D8899A007618BA /* TranslateAffineTransformParameters.h */ = {isa = PBXFileReference; fileEncoding = 4; lastKnownFileType = sourcecode.c.h; path = TranslateAffineTransformParameters.h; sourceTree = "<group>"; };
		CDB6A16629D8899A007618BA /* ShearAffineTransformParameters.h */ = {isa = PBXFileReference; fileEncoding = 4; lastKnownFileType = sourcecode.c.h; path = ShearAffineTransformParameters.h; sourceTree = "<group>"; };
		CDB6A16729D8899A007618BA /* ScaleAffineTransformParameters.m */ = {isa = PBXFileReference; fileEncoding = 4; lastKnownFileType = sourcecode.c.objc; path = ScaleAffineTransformParameters.m; sourceTree = "<group>"; };
		CDB6A16D29D88EC2007618BA /* AffineTransformParametersItem.h */ = {isa = PBXFileReference; fileEncoding = 4; lastKnownFileType = sourcecode.c.h; path = AffineTransformParametersItem.h; sourceTree = "<group>"; };
		CDB6A16E29D88EC2007618BA /* AffineTransformParametersItem.m */ = {isa = PBXFileReference; fileEncoding = 4; lastKnownFileType = sourcecode.c.objc; path = AffineTransformParametersItem.m; sourceTree = "<group>"; };
		CDB6A17129D8BF65007618BA /* MatrixAffineTransformParametersViewController.xib */ = {isa = PBXFileReference; fileEncoding = 4; lastKnownFileType = file.xib; path = MatrixAffineTransformParametersViewController.xib; sourceTree = "<group>"; };
		CDB6A17229D8BF65007618BA /* MatrixAffineTransformParametersViewController.h */ = {isa = PBXFileReference; fileEncoding = 4; lastKnownFileType = sourcecode.c.h; path = MatrixAffineTransformParametersViewController.h; sourceTree = "<group>"; };
		CDB6A17329D8BF65007618BA /* MatrixAffineTransformParametersViewController.m */ = {isa = PBXFileReference; fileEncoding = 4; lastKnownFileType = sourcecode.c.objc; path = MatrixAffineTransformParametersViewController.m; sourceTree = "<group>"; };
		CDB6A17629D8C18E007618BA /* ScaleAffineTransformParametersViewController.h */ = {isa = PBXFileReference; fileEncoding = 4; lastKnownFileType = sourcecode.c.h; path = ScaleAffineTransformParametersViewController.h; sourceTree = "<group>"; };
		CDB6A17729D8C18E007618BA /* ScaleAffineTransformParametersViewController.m */ = {isa = PBXFileReference; fileEncoding = 4; lastKnownFileType = sourcecode.c.objc; path = ScaleAffineTransformParametersViewController.m; sourceTree = "<group>"; };
		CDB6A17829D8C18E007618BA /* ScaleAffineTransformParametersViewController.xib */ = {isa = PBXFileReference; fileEncoding = 4; lastKnownFileType = file.xib; path = ScaleAffineTransformParametersViewController.xib; sourceTree = "<group>"; };
		CDB6A17B29D8E4BE007618BA /* ShearAffineTransformParametersViewController.m */ = {isa = PBXFileReference; fileEncoding = 4; lastKnownFileType = sourcecode.c.objc; path = ShearAffineTransformParametersViewController.m; sourceTree = "<group>"; };
		CDB6A17C29D8E4BE007618BA /* ShearAffineTransformParametersViewController.xib */ = {isa = PBXFileReference; fileEncoding = 4; lastKnownFileType = file.xib; path = ShearAffineTransformParametersViewController.xib; sourceTree = "<group>"; };
		CDB6A17D29D8E4BE007618BA /* ShearAffineTransformParametersViewController.h */ = {isa = PBXFileReference; fileEncoding = 4; lastKnownFileType = sourcecode.c.h; path = ShearAffineTransformParametersViewController.h; sourceTree = "<group>"; };
		CDB6A18029D8E6A5007618BA /* RotateAffineTransformParametersViewController.m */ = {isa = PBXFileReference; fileEncoding = 4; lastKnownFileType = sourcecode.c.objc; path = RotateAffineTransformParametersViewController.m; sourceTree = "<group>"; };
		CDB6A18129D8E6A5007618BA /* RotateAffineTransformParametersViewController.h */ = {isa = PBXFileReference; fileEncoding = 4; lastKnownFileType = sourcecode.c.h; path = RotateAffineTransformParametersViewController.h; sourceTree = "<group>"; };
		CDB6A18229D8E6A5007618BA /* RotateAffineTransformParametersViewController.xib */ = {isa = PBXFileReference; fileEncoding = 4; lastKnownFileType = file.xib; path = RotateAffineTransformParametersViewController.xib; sourceTree = "<group>"; };
		CDB6A18529D8E896007618BA /* TranslateAffineTransformParametersViewController.xib */ = {isa = PBXFileReference; fileEncoding = 4; lastKnownFileType = file.xib; path = TranslateAffineTransformParametersViewController.xib; sourceTree = "<group>"; };
		CDB6A18629D8E896007618BA /* TranslateAffineTransformParametersViewController.h */ = {isa = PBXFileReference; fileEncoding = 4; lastKnownFileType = sourcecode.c.h; path = TranslateAffineTransformParametersViewController.h; sourceTree = "<group>"; };
		CDB6A18729D8E896007618BA /* TranslateAffineTransformParametersViewController.m */ = {isa = PBXFileReference; fileEncoding = 4; lastKnownFileType = sourcecode.c.objc; path = TranslateAffineTransformParametersViewController.m; sourceTree = "<group>"; };
		CDB6A18A29D8EA5E007618BA /* AffineTransformParametersItemViewController.xib */ = {isa = PBXFileReference; fileEncoding = 4; lastKnownFileType = file.xib; path = AffineTransformParametersItemViewController.xib; sourceTree = "<group>"; };
		CDB6A18B29D8EA5E007618BA /* AffineTransformParametersItemViewController.h */ = {isa = PBXFileReference; fileEncoding = 4; lastKnownFileType = sourcecode.c.h; path = AffineTransformParametersItemViewController.h; sourceTree = "<group>"; };
		CDB6A18C29D8EA5E007618BA /* AffineTransformParametersItemViewController.m */ = {isa = PBXFileReference; fileEncoding = 4; lastKnownFileType = sourcecode.c.objc; path = AffineTransformParametersItemViewController.m; sourceTree = "<group>"; };
		CDC0F9DA29CBAAD10005F9F6 /* StrokeParametersViewController.h */ = {isa = PBXFileReference; lastKnownFileType = sourcecode.c.h; path = StrokeParametersViewController.h; sourceTree = "<group>"; };
		CDC0F9DB29CBAAD10005F9F6 /* StrokeParametersViewController.m */ = {isa = PBXFileReference; lastKnownFileType = sourcecode.c.objc; path = StrokeParametersViewController.m; sourceTree = "<group>"; };
		CDC0F9DC29CBAAD10005F9F6 /* StrokeParametersViewController.xib */ = {isa = PBXFileReference; lastKnownFileType = file.xib; path = StrokeParametersViewController.xib; sourceTree = "<group>"; };
		CDC0F9DF29CE06E80005F9F6 /* ColorParametersViewController.h */ = {isa = PBXFileReference; lastKnownFileType = sourcecode.c.h; path = ColorParametersViewController.h; sourceTree = "<group>"; };
		CDC0F9E029CE06E80005F9F6 /* ColorParametersViewController.m */ = {isa = PBXFileReference; lastKnownFileType = sourcecode.c.objc; path = ColorParametersViewController.m; sourceTree = "<group>"; };
		CDC0F9E129CE06E80005F9F6 /* ColorParametersViewController.xib */ = {isa = PBXFileReference; lastKnownFileType = file.xib; path = ColorParametersViewController.xib; sourceTree = "<group>"; };
		CDC0F9E929CE154F0005F9F6 /* AutoLayoutUtility.h */ = {isa = PBXFileReference; lastKnownFileType = sourcecode.c.h; name = AutoLayoutUtility.h; path = "core-graphics/AutoLayoutUtility.h"; sourceTree = SOURCE_ROOT; };
		CDC0F9EA29CE154F0005F9F6 /* AutoLayoutUtility.m */ = {isa = PBXFileReference; lastKnownFileType = sourcecode.c.objc; name = AutoLayoutUtility.m; path = "core-graphics/AutoLayoutUtility.m"; sourceTree = SOURCE_ROOT; };
		CDC0F9EC29CE189C0005F9F6 /* ColorParameters.m */ = {isa = PBXFileReference; fileEncoding = 4; lastKnownFileType = sourcecode.c.objc; path = ColorParameters.m; sourceTree = "<group>"; };
		CDC0F9ED29CE189C0005F9F6 /* ColorParameters.h */ = {isa = PBXFileReference; fileEncoding = 4; lastKnownFileType = sourcecode.c.h; path = ColorParameters.h; sourceTree = "<group>"; };
		CDC0F9EF29CF197B0005F9F6 /* Converter.m */ = {isa = PBXFileReference; fileEncoding = 4; lastKnownFileType = sourcecode.c.objc; path = Converter.m; sourceTree = "<group>"; };
		CDC0F9F029CF197B0005F9F6 /* Converter.h */ = {isa = PBXFileReference; fileEncoding = 4; lastKnownFileType = sourcecode.c.h; path = Converter.h; sourceTree = "<group>"; };
		CDC0F9F229CF2C5D0005F9F6 /* ArcParametersViewController.h */ = {isa = PBXFileReference; lastKnownFileType = sourcecode.c.h; path = ArcParametersViewController.h; sourceTree = "<group>"; };
		CDC0F9F329CF2C5D0005F9F6 /* ArcParametersViewController.m */ = {isa = PBXFileReference; lastKnownFileType = sourcecode.c.objc; path = ArcParametersViewController.m; sourceTree = "<group>"; };
		CDC0F9F429CF2C5D0005F9F6 /* ArcParametersViewController.xib */ = {isa = PBXFileReference; lastKnownFileType = file.xib; path = ArcParametersViewController.xib; sourceTree = "<group>"; };
/* End PBXFileReference section */

/* Begin PBXFrameworksBuildPhase section */
		CD84614A29C78A5F00D4D6B7 /* Frameworks */ = {
			isa = PBXFrameworksBuildPhase;
			buildActionMask = 2147483647;
			files = (
			);
			runOnlyForDeploymentPostprocessing = 0;
		};
/* End PBXFrameworksBuildPhase section */

/* Begin PBXGroup section */
		CD10879029E97C0000DF40AF /* Drawing */ = {
			isa = PBXGroup;
			children = (
				CD10878829E875F200DF40AF /* DrawingParametersItemViewController.h */,
				CD10878629E875F100DF40AF /* DrawingParametersItemViewController.m */,
				CD10878729E875F200DF40AF /* DrawingParametersItemViewController.xib */,
				CD10878529E875F100DF40AF /* DrawingParametersViewController.h */,
				CD10878429E875F100DF40AF /* DrawingParametersViewController.m */,
				CD10878329E875F100DF40AF /* DrawingParametersViewController.xib */,
			);
			path = Drawing;
			sourceTree = "<group>";
		};
		CD10879129E97C1700DF40AF /* Drawing */ = {
			isa = PBXGroup;
			children = (
				CDB6A14729D6E2BD007618BA /* DrawingParameters.h */,
				CDB6A14829D6E2BD007618BA /* DrawingParameters.m */,
				CD10878029E8709C00DF40AF /* DrawingParametersItem.h */,
				CD10878129E8709C00DF40AF /* DrawingParametersItem.m */,
			);
			path = Drawing;
			sourceTree = "<group>";
		};
		CD84614429C78A5F00D4D6B7 = {
			isa = PBXGroup;
			children = (
				CD84614F29C78A5F00D4D6B7 /* core-graphics */,
				CD84614E29C78A5F00D4D6B7 /* Products */,
			);
			sourceTree = "<group>";
		};
		CD84614E29C78A5F00D4D6B7 /* Products */ = {
			isa = PBXGroup;
			children = (
				CD84614D29C78A5F00D4D6B7 /* core-graphics.app */,
			);
			name = Products;
			sourceTree = "<group>";
		};
		CD84614F29C78A5F00D4D6B7 /* core-graphics */ = {
			isa = PBXGroup;
			children = (
				CDC0F9D329C91AA50005F9F6 /* Controller */,
				CD84617129C7CF6B00D4D6B7 /* Model */,
				CD84615029C78A5F00D4D6B7 /* AppDelegate.h */,
				CD84615129C78A5F00D4D6B7 /* AppDelegate.m */,
				CD84615329C78A5F00D4D6B7 /* SceneDelegate.h */,
				CD84615429C78A5F00D4D6B7 /* SceneDelegate.m */,
				CD84615629C78A5F00D4D6B7 /* ViewController.h */,
				CD84615729C78A5F00D4D6B7 /* ViewController.m */,
				CD84615929C78A5F00D4D6B7 /* Main.storyboard */,
				CD84615C29C78A6200D4D6B7 /* Assets.xcassets */,
				CD84615E29C78A6200D4D6B7 /* LaunchScreen.storyboard */,
				CD84616129C78A6200D4D6B7 /* Info.plist */,
				CD84616229C78A6200D4D6B7 /* main.m */,
				CD10878E29E8B96A00DF40AF /* GlobalConstants.h */,
				CD10878D29E8B96A00DF40AF /* GlobalConstants.m */,
				CD84616B29C7CB5700D4D6B7 /* DrawingView.h */,
				CD84616C29C7CB5700D4D6B7 /* DrawingView.m */,
				CD84616E29C7CBC200D4D6B7 /* DrawingHelper.h */,
				CD84616F29C7CBC200D4D6B7 /* DrawingHelper.m */,
				CDC0F9E929CE154F0005F9F6 /* AutoLayoutUtility.h */,
				CDC0F9EA29CE154F0005F9F6 /* AutoLayoutUtility.m */,
				CDC0F9F029CF197B0005F9F6 /* Converter.h */,
				CDC0F9EF29CF197B0005F9F6 /* Converter.m */,
				CD1A2A2629E046AC00CD0848 /* ParametersHelper.h */,
				CD1A2A2729E046AC00CD0848 /* ParametersHelper.m */,
				CD7C439F29FE905E006D2063 /* CGDrawingHelper.h */,
				CD7C43A029FE905E006D2063 /* CGDrawingHelper.m */,
				CD7C43A329FE949F006D2063 /* UIColorAdditions.h */,
				CD7C43A229FE949F006D2063 /* UIColorAdditions.m */,
			);
			path = "core-graphics";
			sourceTree = "<group>";
		};
		CD84617129C7CF6B00D4D6B7 /* Model */ = {
			isa = PBXGroup;
			children = (
				CDB6A15D29D88929007618BA /* AffineTransform */,
				CD10879129E97C1700DF40AF /* Drawing */,
				CDAD567629E5BB820036CF94 /* Fill */,
				CDAD567D29E5BB820036CF94 /* Gradient */,
				CDAD566F29E5BB820036CF94 /* Path */,
				CDC0F9ED29CE189C0005F9F6 /* ColorParameters.h */,
				CDC0F9EC29CE189C0005F9F6 /* ColorParameters.m */,
				CDAD566729E5A4DD0036CF94 /* ShadowParameters.h */,
				CDAD566829E5A4DD0036CF94 /* ShadowParameters.m */,
				CD84617629C7D43400D4D6B7 /* StrokeParameters.h */,
				CD84617529C7D43400D4D6B7 /* StrokeParameters.m */,
			);
			path = Model;
			sourceTree = "<group>";
		};
		CDAD566F29E5BB820036CF94 /* Path */ = {
			isa = PBXGroup;
			children = (
				CDAD567429E5BB820036CF94 /* ArcParameters.h */,
				CDAD567029E5BB820036CF94 /* ArcParameters.m */,
				CDAD567329E5BB820036CF94 /* PathParameters.h */,
				CDAD567129E5BB820036CF94 /* PathParameters.m */,
				CDAD567229E5BB820036CF94 /* RectangleParameters.h */,
				CDAD567529E5BB820036CF94 /* RectangleParameters.m */,
			);
			path = Path;
			sourceTree = "<group>";
		};
		CDAD567629E5BB820036CF94 /* Fill */ = {
			isa = PBXGroup;
			children = (
				CDAD567929E5BB820036CF94 /* FillParameters.h */,
				CDAD567C29E5BB820036CF94 /* FillParameters.m */,
				CDAD567A29E5BB820036CF94 /* GradientFillParameters.h */,
				CDAD567729E5BB820036CF94 /* GradientFillParameters.m */,
				CDAD567B29E5BB820036CF94 /* SolidColorFillParameters.h */,
				CDAD567829E5BB820036CF94 /* SolidColorFillParameters.m */,
			);
			path = Fill;
			sourceTree = "<group>";
		};
		CDAD567D29E5BB820036CF94 /* Gradient */ = {
			isa = PBXGroup;
			children = (
				CDAD568429E5BB820036CF94 /* GradientParameters.h */,
				CDAD568029E5BB820036CF94 /* GradientParameters.m */,
				CDAD568129E5BB820036CF94 /* GradientStopParameters.h */,
				CDAD568529E5BB820036CF94 /* GradientStopParameters.m */,
				CDAD568329E5BB820036CF94 /* LinearGradientParameters.h */,
				CDAD567E29E5BB820036CF94 /* LinearGradientParameters.m */,
				CDAD567F29E5BB820036CF94 /* RadialGradientParameters.h */,
				CDAD568229E5BB820036CF94 /* RadialGradientParameters.m */,
			);
			path = Gradient;
			sourceTree = "<group>";
		};
		CDAD569029E5C0590036CF94 /* Fill */ = {
			isa = PBXGroup;
			children = (
				CDB6A11B29CF5A34007618BA /* FillParametersViewController.h */,
				CDB6A11A29CF5A34007618BA /* FillParametersViewController.m */,
				CDB6A11C29CF5A34007618BA /* FillParametersViewController.xib */,
				CDAD569729E5C2080036CF94 /* GradientFillParametersViewController.h */,
				CDAD569529E5C2070036CF94 /* GradientFillParametersViewController.m */,
				CDAD569629E5C2070036CF94 /* GradientFillParametersViewController.xib */,
				CDAD569329E5C2070036CF94 /* SolidColorFillParametersViewController.h */,
				CDAD569829E5C2080036CF94 /* SolidColorFillParametersViewController.m */,
				CDAD569429E5C2070036CF94 /* SolidColorFillParametersViewController.xib */,
			);
			path = Fill;
			sourceTree = "<group>";
		};
		CDAD569129E5C0760036CF94 /* Gradient */ = {
			isa = PBXGroup;
			children = (
				CDB6A13D29D083FE007618BA /* GradientParametersViewController.h */,
				CDB6A13E29D083FE007618BA /* GradientParametersViewController.m */,
				CDB6A13F29D083FE007618BA /* GradientParametersViewController.xib */,
				CDB6A13429D07323007618BA /* GradientStopParametersViewController.h */,
				CDB6A13329D07322007618BA /* GradientStopParametersViewController.m */,
				CDB6A13529D07323007618BA /* GradientStopParametersViewController.xib */,
				CDB6A13829D07A3A007618BA /* LinearGradientParametersViewController.h */,
				CDB6A13929D07A3A007618BA /* LinearGradientParametersViewController.m */,
				CDB6A13A29D07A3A007618BA /* LinearGradientParametersViewController.xib */,
				CDB6A14329D09815007618BA /* RadialGradientParametersViewController.h */,
				CDB6A14429D09815007618BA /* RadialGradientParametersViewController.m */,
				CDB6A14229D09815007618BA /* RadialGradientParametersViewController.xib */,
			);
			path = Gradient;
			sourceTree = "<group>";
		};
		CDAD569229E5C07E0036CF94 /* Path */ = {
			isa = PBXGroup;
			children = (
				CDC0F9F229CF2C5D0005F9F6 /* ArcParametersViewController.h */,
				CDC0F9F329CF2C5D0005F9F6 /* ArcParametersViewController.m */,
				CDC0F9F429CF2C5D0005F9F6 /* ArcParametersViewController.xib */,
				CDB6A15929D78E95007618BA /* PathParametersViewController.h */,
				CDB6A15829D78E94007618BA /* PathParametersViewController.m */,
				CDB6A15A29D78E95007618BA /* PathParametersViewController.xib */,
				CDB6A15429D78E70007618BA /* RectangleParametersViewController.h */,
				CDB6A15529D78E71007618BA /* RectangleParametersViewController.m */,
				CDB6A15329D78E70007618BA /* RectangleParametersViewController.xib */,
			);
			path = Path;
			sourceTree = "<group>";
		};
		CDB6A15D29D88929007618BA /* AffineTransform */ = {
			isa = PBXGroup;
			children = (
				CDB6A12029CF64B5007618BA /* AffineTransformParameters.h */,
				CDB6A11F29CF64B5007618BA /* AffineTransformParameters.m */,
				CDB6A16D29D88EC2007618BA /* AffineTransformParametersItem.h */,
				CDB6A16E29D88EC2007618BA /* AffineTransformParametersItem.m */,
				CDB6A15F29D8899A007618BA /* MatrixAffineTransformParameters.h */,
				CDB6A16129D8899A007618BA /* MatrixAffineTransformParameters.m */,
				CDB6A16229D8899A007618BA /* RotateAffineTransformParameters.h */,
				CDB6A16329D8899A007618BA /* RotateAffineTransformParameters.m */,
				CDB6A15E29D8899A007618BA /* ScaleAffineTransformParameters.h */,
				CDB6A16729D8899A007618BA /* ScaleAffineTransformParameters.m */,
				CDB6A16629D8899A007618BA /* ShearAffineTransformParameters.h */,
				CDB6A16029D8899A007618BA /* ShearAffineTransformParameters.m */,
				CDB6A16529D8899A007618BA /* TranslateAffineTransformParameters.h */,
				CDB6A16429D8899A007618BA /* TranslateAffineTransformParameters.m */,
			);
			path = AffineTransform;
			sourceTree = "<group>";
		};
		CDB6A17029D8BED9007618BA /* AffineTransform */ = {
			isa = PBXGroup;
			children = (
				CDB6A18B29D8EA5E007618BA /* AffineTransformParametersItemViewController.h */,
				CDB6A18C29D8EA5E007618BA /* AffineTransformParametersItemViewController.m */,
				CDB6A18A29D8EA5E007618BA /* AffineTransformParametersItemViewController.xib */,
				CDB6A12429CF7900007618BA /* AffineTransformParametersViewController.h */,
				CDB6A12329CF7900007618BA /* AffineTransformParametersViewController.m */,
				CDB6A14B29D7470F007618BA /* AffineTransformParametersViewController.xib */,
				CDB6A17229D8BF65007618BA /* MatrixAffineTransformParametersViewController.h */,
				CDB6A17329D8BF65007618BA /* MatrixAffineTransformParametersViewController.m */,
				CDB6A17129D8BF65007618BA /* MatrixAffineTransformParametersViewController.xib */,
				CDB6A18129D8E6A5007618BA /* RotateAffineTransformParametersViewController.h */,
				CDB6A18029D8E6A5007618BA /* RotateAffineTransformParametersViewController.m */,
				CDB6A18229D8E6A5007618BA /* RotateAffineTransformParametersViewController.xib */,
				CDB6A17629D8C18E007618BA /* ScaleAffineTransformParametersViewController.h */,
				CDB6A17729D8C18E007618BA /* ScaleAffineTransformParametersViewController.m */,
				CDB6A17829D8C18E007618BA /* ScaleAffineTransformParametersViewController.xib */,
				CDB6A17D29D8E4BE007618BA /* ShearAffineTransformParametersViewController.h */,
				CDB6A17B29D8E4BE007618BA /* ShearAffineTransformParametersViewController.m */,
				CDB6A17C29D8E4BE007618BA /* ShearAffineTransformParametersViewController.xib */,
				CDB6A18629D8E896007618BA /* TranslateAffineTransformParametersViewController.h */,
				CDB6A18729D8E896007618BA /* TranslateAffineTransformParametersViewController.m */,
				CDB6A18529D8E896007618BA /* TranslateAffineTransformParametersViewController.xib */,
			);
			path = AffineTransform;
			sourceTree = "<group>";
		};
		CDC0F9D329C91AA50005F9F6 /* Controller */ = {
			isa = PBXGroup;
			children = (
				CDB6A17029D8BED9007618BA /* AffineTransform */,
				CD10879029E97C0000DF40AF /* Drawing */,
				CDAD569029E5C0590036CF94 /* Fill */,
				CDAD569129E5C0760036CF94 /* Gradient */,
				CDAD569229E5C07E0036CF94 /* Path */,
				CDC0F9DF29CE06E80005F9F6 /* ColorParametersViewController.h */,
				CDC0F9E029CE06E80005F9F6 /* ColorParametersViewController.m */,
				CDC0F9E129CE06E80005F9F6 /* ColorParametersViewController.xib */,
				CDAD566A29E5A9640036CF94 /* ShadowParametersViewController.h */,
				CDAD566B29E5A9640036CF94 /* ShadowParametersViewController.m */,
				CDAD566C29E5A9640036CF94 /* ShadowParametersViewController.xib */,
				CDC0F9DA29CBAAD10005F9F6 /* StrokeParametersViewController.h */,
				CDC0F9DB29CBAAD10005F9F6 /* StrokeParametersViewController.m */,
				CDC0F9DC29CBAAD10005F9F6 /* StrokeParametersViewController.xib */,
			);
			path = Controller;
			sourceTree = "<group>";
		};
/* End PBXGroup section */

/* Begin PBXNativeTarget section */
		CD84614C29C78A5F00D4D6B7 /* core-graphics */ = {
			isa = PBXNativeTarget;
			buildConfigurationList = CD84616629C78A6200D4D6B7 /* Build configuration list for PBXNativeTarget "core-graphics" */;
			buildPhases = (
				CD84614929C78A5F00D4D6B7 /* Sources */,
				CD84614A29C78A5F00D4D6B7 /* Frameworks */,
				CD84614B29C78A5F00D4D6B7 /* Resources */,
			);
			buildRules = (
			);
			dependencies = (
			);
			name = "core-graphics";
			productName = "core-graphics";
			productReference = CD84614D29C78A5F00D4D6B7 /* core-graphics.app */;
			productType = "com.apple.product-type.application";
		};
/* End PBXNativeTarget section */

/* Begin PBXProject section */
		CD84614529C78A5F00D4D6B7 /* Project object */ = {
			isa = PBXProject;
			attributes = {
				BuildIndependentTargetsInParallel = 1;
				LastUpgradeCheck = 1320;
				TargetAttributes = {
					CD84614C29C78A5F00D4D6B7 = {
						CreatedOnToolsVersion = 13.2.1;
					};
				};
			};
			buildConfigurationList = CD84614829C78A5F00D4D6B7 /* Build configuration list for PBXProject "core-graphics" */;
			compatibilityVersion = "Xcode 13.0";
			developmentRegion = en;
			hasScannedForEncodings = 0;
			knownRegions = (
				en,
				Base,
			);
			mainGroup = CD84614429C78A5F00D4D6B7;
			productRefGroup = CD84614E29C78A5F00D4D6B7 /* Products */;
			projectDirPath = "";
			projectRoot = "";
			targets = (
				CD84614C29C78A5F00D4D6B7 /* core-graphics */,
			);
		};
/* End PBXProject section */

/* Begin PBXResourcesBuildPhase section */
		CD84614B29C78A5F00D4D6B7 /* Resources */ = {
			isa = PBXResourcesBuildPhase;
			buildActionMask = 2147483647;
			files = (
				CDAD569B29E5C2080036CF94 /* GradientFillParametersViewController.xib in Resources */,
				CDB6A14C29D7470F007618BA /* AffineTransformParametersViewController.xib in Resources */,
				CDB6A17A29D8C18E007618BA /* ScaleAffineTransformParametersViewController.xib in Resources */,
				CD84616029C78A6200D4D6B7 /* LaunchScreen.storyboard in Resources */,
				CDC0F9F629CF2C5D0005F9F6 /* ArcParametersViewController.xib in Resources */,
				CDAD566E29E5A9640036CF94 /* ShadowParametersViewController.xib in Resources */,
				CDAD569929E5C2080036CF94 /* SolidColorFillParametersViewController.xib in Resources */,
				CD84615D29C78A6200D4D6B7 /* Assets.xcassets in Resources */,
				CDB6A14129D083FE007618BA /* GradientParametersViewController.xib in Resources */,
				CDC0F9DE29CBAAD10005F9F6 /* StrokeParametersViewController.xib in Resources */,
				CDB6A18429D8E6A5007618BA /* RotateAffineTransformParametersViewController.xib in Resources */,
				CDB6A14529D09815007618BA /* RadialGradientParametersViewController.xib in Resources */,
				CDB6A17429D8BF65007618BA /* MatrixAffineTransformParametersViewController.xib in Resources */,
				CD10878C29E875F200DF40AF /* DrawingParametersItemViewController.xib in Resources */,
				CDB6A18829D8E896007618BA /* TranslateAffineTransformParametersViewController.xib in Resources */,
				CDB6A13729D07323007618BA /* GradientStopParametersViewController.xib in Resources */,
				CDB6A15C29D78E95007618BA /* PathParametersViewController.xib in Resources */,
				CDB6A11E29CF5A34007618BA /* FillParametersViewController.xib in Resources */,
				CDB6A17F29D8E4BE007618BA /* ShearAffineTransformParametersViewController.xib in Resources */,
				CDB6A18D29D8EA5E007618BA /* AffineTransformParametersItemViewController.xib in Resources */,
				CD10878929E875F200DF40AF /* DrawingParametersViewController.xib in Resources */,
				CDC0F9E329CE06E80005F9F6 /* ColorParametersViewController.xib in Resources */,
				CD84615B29C78A5F00D4D6B7 /* Main.storyboard in Resources */,
				CDB6A15629D78E71007618BA /* RectangleParametersViewController.xib in Resources */,
				CDB6A13C29D07A3B007618BA /* LinearGradientParametersViewController.xib in Resources */,
			);
			runOnlyForDeploymentPostprocessing = 0;
		};
/* End PBXResourcesBuildPhase section */

/* Begin PBXSourcesBuildPhase section */
		CD84614929C78A5F00D4D6B7 /* Sources */ = {
			isa = PBXSourcesBuildPhase;
			buildActionMask = 2147483647;
			files = (
				CDC0F9F129CF197B0005F9F6 /* Converter.m in Sources */,
				CDB6A17529D8BF65007618BA /* MatrixAffineTransformParametersViewController.m in Sources */,
				CDAD568B29E5BB830036CF94 /* FillParameters.m in Sources */,
				CDC0F9F529CF2C5D0005F9F6 /* ArcParametersViewController.m in Sources */,
				CD10878229E8709C00DF40AF /* DrawingParametersItem.m in Sources */,
				CDB6A12129CF64B5007618BA /* AffineTransformParameters.m in Sources */,
				CDAD569A29E5C2080036CF94 /* GradientFillParametersViewController.m in Sources */,
				CD84617029C7CBC200D4D6B7 /* DrawingHelper.m in Sources */,
				CD84617729C7D43400D4D6B7 /* StrokeParameters.m in Sources */,
				CD84615829C78A5F00D4D6B7 /* ViewController.m in Sources */,
				CDC0F9EE29CE189C0005F9F6 /* ColorParameters.m in Sources */,
				CDB6A16F29D88EC2007618BA /* AffineTransformParametersItem.m in Sources */,
				CDC0F9DD29CBAAD10005F9F6 /* StrokeParametersViewController.m in Sources */,
				CDAD568F29E5BB830036CF94 /* GradientStopParameters.m in Sources */,
				CD84615229C78A5F00D4D6B7 /* AppDelegate.m in Sources */,
				CD7C43A129FE905E006D2063 /* CGDrawingHelper.m in Sources */,
				CDB6A13629D07323007618BA /* GradientStopParametersViewController.m in Sources */,
				CD7C43A429FE949F006D2063 /* UIColorAdditions.m in Sources */,
				CDAD568929E5BB830036CF94 /* GradientFillParameters.m in Sources */,
				CDB6A16929D8899A007618BA /* MatrixAffineTransformParameters.m in Sources */,
				CDAD568A29E5BB830036CF94 /* SolidColorFillParameters.m in Sources */,
				CDAD568829E5BB830036CF94 /* RectangleParameters.m in Sources */,
				CDB6A17929D8C18E007618BA /* ScaleAffineTransformParametersViewController.m in Sources */,
				CDB6A16829D8899A007618BA /* ShearAffineTransformParameters.m in Sources */,
				CDB6A14629D09815007618BA /* RadialGradientParametersViewController.m in Sources */,
				CDB6A17E29D8E4BE007618BA /* ShearAffineTransformParametersViewController.m in Sources */,
				CDB6A15729D78E71007618BA /* RectangleParametersViewController.m in Sources */,
				CDAD566929E5A4DD0036CF94 /* ShadowParameters.m in Sources */,
				CD84616329C78A6200D4D6B7 /* main.m in Sources */,
				CDC0F9E229CE06E80005F9F6 /* ColorParametersViewController.m in Sources */,
				CD84616D29C7CB5700D4D6B7 /* DrawingView.m in Sources */,
				CD10878A29E875F200DF40AF /* DrawingParametersViewController.m in Sources */,
				CD84615529C78A5F00D4D6B7 /* SceneDelegate.m in Sources */,
				CDB6A18329D8E6A5007618BA /* RotateAffineTransformParametersViewController.m in Sources */,
				CDC0F9EB29CE154F0005F9F6 /* AutoLayoutUtility.m in Sources */,
				CDB6A14029D083FE007618BA /* GradientParametersViewController.m in Sources */,
				CD10878B29E875F200DF40AF /* DrawingParametersItemViewController.m in Sources */,
				CDAD566D29E5A9640036CF94 /* ShadowParametersViewController.m in Sources */,
				CDB6A14929D6E2BD007618BA /* DrawingParameters.m in Sources */,
				CDB6A12629CF7900007618BA /* AffineTransformParametersViewController.m in Sources */,
				CDB6A18E29D8EA5F007618BA /* AffineTransformParametersItemViewController.m in Sources */,
				CDB6A16C29D8899A007618BA /* ScaleAffineTransformParameters.m in Sources */,
				CDB6A15B29D78E95007618BA /* PathParametersViewController.m in Sources */,
				CDB6A11D29CF5A34007618BA /* FillParametersViewController.m in Sources */,
				CDAD569C29E5C2080036CF94 /* SolidColorFillParametersViewController.m in Sources */,
				CDB6A16B29D8899A007618BA /* TranslateAffineTransformParameters.m in Sources */,
				CDB6A16A29D8899A007618BA /* RotateAffineTransformParameters.m in Sources */,
				CD1A2A2829E046AC00CD0848 /* ParametersHelper.m in Sources */,
				CDAD568729E5BB830036CF94 /* PathParameters.m in Sources */,
				CDAD568E29E5BB830036CF94 /* RadialGradientParameters.m in Sources */,
				CDAD568D29E5BB830036CF94 /* GradientParameters.m in Sources */,
				CDB6A13B29D07A3B007618BA /* LinearGradientParametersViewController.m in Sources */,
				CDB6A18929D8E896007618BA /* TranslateAffineTransformParametersViewController.m in Sources */,
				CDAD568C29E5BB830036CF94 /* LinearGradientParameters.m in Sources */,
				CDAD568629E5BB830036CF94 /* ArcParameters.m in Sources */,
				CD10878F29E8B96B00DF40AF /* GlobalConstants.m in Sources */,
			);
			runOnlyForDeploymentPostprocessing = 0;
		};
/* End PBXSourcesBuildPhase section */

/* Begin PBXVariantGroup section */
		CD84615929C78A5F00D4D6B7 /* Main.storyboard */ = {
			isa = PBXVariantGroup;
			children = (
				CD84615A29C78A5F00D4D6B7 /* Base */,
			);
			name = Main.storyboard;
			sourceTree = "<group>";
		};
		CD84615E29C78A6200D4D6B7 /* LaunchScreen.storyboard */ = {
			isa = PBXVariantGroup;
			children = (
				CD84615F29C78A6200D4D6B7 /* Base */,
			);
			name = LaunchScreen.storyboard;
			sourceTree = "<group>";
		};
/* End PBXVariantGroup section */

/* Begin XCBuildConfiguration section */
		CD84616429C78A6200D4D6B7 /* Debug */ = {
			isa = XCBuildConfiguration;
			buildSettings = {
				ALWAYS_SEARCH_USER_PATHS = NO;
				CLANG_ANALYZER_NONNULL = YES;
				CLANG_ANALYZER_NUMBER_OBJECT_CONVERSION = YES_AGGRESSIVE;
				CLANG_CXX_LANGUAGE_STANDARD = "gnu++17";
				CLANG_CXX_LIBRARY = "libc++";
				CLANG_ENABLE_MODULES = YES;
				CLANG_ENABLE_OBJC_ARC = YES;
				CLANG_ENABLE_OBJC_WEAK = YES;
				CLANG_WARN_BLOCK_CAPTURE_AUTORELEASING = YES;
				CLANG_WARN_BOOL_CONVERSION = YES;
				CLANG_WARN_COMMA = YES;
				CLANG_WARN_CONSTANT_CONVERSION = YES;
				CLANG_WARN_DEPRECATED_OBJC_IMPLEMENTATIONS = YES;
				CLANG_WARN_DIRECT_OBJC_ISA_USAGE = YES_ERROR;
				CLANG_WARN_DOCUMENTATION_COMMENTS = YES;
				CLANG_WARN_EMPTY_BODY = YES;
				CLANG_WARN_ENUM_CONVERSION = YES;
				CLANG_WARN_INFINITE_RECURSION = YES;
				CLANG_WARN_INT_CONVERSION = YES;
				CLANG_WARN_NON_LITERAL_NULL_CONVERSION = YES;
				CLANG_WARN_OBJC_IMPLICIT_RETAIN_SELF = YES;
				CLANG_WARN_OBJC_LITERAL_CONVERSION = YES;
				CLANG_WARN_OBJC_ROOT_CLASS = YES_ERROR;
				CLANG_WARN_QUOTED_INCLUDE_IN_FRAMEWORK_HEADER = YES;
				CLANG_WARN_RANGE_LOOP_ANALYSIS = YES;
				CLANG_WARN_STRICT_PROTOTYPES = YES;
				CLANG_WARN_SUSPICIOUS_MOVE = YES;
				CLANG_WARN_UNGUARDED_AVAILABILITY = YES_AGGRESSIVE;
				CLANG_WARN_UNREACHABLE_CODE = YES;
				CLANG_WARN__DUPLICATE_METHOD_MATCH = YES;
				COPY_PHASE_STRIP = NO;
				DEBUG_INFORMATION_FORMAT = dwarf;
				ENABLE_STRICT_OBJC_MSGSEND = YES;
				ENABLE_TESTABILITY = YES;
				GCC_C_LANGUAGE_STANDARD = gnu11;
				GCC_DYNAMIC_NO_PIC = NO;
				GCC_NO_COMMON_BLOCKS = YES;
				GCC_OPTIMIZATION_LEVEL = 0;
				GCC_PREPROCESSOR_DEFINITIONS = (
					"DEBUG=1",
					"$(inherited)",
				);
				GCC_WARN_64_TO_32_BIT_CONVERSION = YES;
				GCC_WARN_ABOUT_RETURN_TYPE = YES_ERROR;
				GCC_WARN_UNDECLARED_SELECTOR = YES;
				GCC_WARN_UNINITIALIZED_AUTOS = YES_AGGRESSIVE;
				GCC_WARN_UNUSED_FUNCTION = YES;
				GCC_WARN_UNUSED_VARIABLE = YES;
				IPHONEOS_DEPLOYMENT_TARGET = 15.2;
				MTL_ENABLE_DEBUG_INFO = INCLUDE_SOURCE;
				MTL_FAST_MATH = YES;
				ONLY_ACTIVE_ARCH = YES;
				SDKROOT = iphoneos;
			};
			name = Debug;
		};
		CD84616529C78A6200D4D6B7 /* Release */ = {
			isa = XCBuildConfiguration;
			buildSettings = {
				ALWAYS_SEARCH_USER_PATHS = NO;
				CLANG_ANALYZER_NONNULL = YES;
				CLANG_ANALYZER_NUMBER_OBJECT_CONVERSION = YES_AGGRESSIVE;
				CLANG_CXX_LANGUAGE_STANDARD = "gnu++17";
				CLANG_CXX_LIBRARY = "libc++";
				CLANG_ENABLE_MODULES = YES;
				CLANG_ENABLE_OBJC_ARC = YES;
				CLANG_ENABLE_OBJC_WEAK = YES;
				CLANG_WARN_BLOCK_CAPTURE_AUTORELEASING = YES;
				CLANG_WARN_BOOL_CONVERSION = YES;
				CLANG_WARN_COMMA = YES;
				CLANG_WARN_CONSTANT_CONVERSION = YES;
				CLANG_WARN_DEPRECATED_OBJC_IMPLEMENTATIONS = YES;
				CLANG_WARN_DIRECT_OBJC_ISA_USAGE = YES_ERROR;
				CLANG_WARN_DOCUMENTATION_COMMENTS = YES;
				CLANG_WARN_EMPTY_BODY = YES;
				CLANG_WARN_ENUM_CONVERSION = YES;
				CLANG_WARN_INFINITE_RECURSION = YES;
				CLANG_WARN_INT_CONVERSION = YES;
				CLANG_WARN_NON_LITERAL_NULL_CONVERSION = YES;
				CLANG_WARN_OBJC_IMPLICIT_RETAIN_SELF = YES;
				CLANG_WARN_OBJC_LITERAL_CONVERSION = YES;
				CLANG_WARN_OBJC_ROOT_CLASS = YES_ERROR;
				CLANG_WARN_QUOTED_INCLUDE_IN_FRAMEWORK_HEADER = YES;
				CLANG_WARN_RANGE_LOOP_ANALYSIS = YES;
				CLANG_WARN_STRICT_PROTOTYPES = YES;
				CLANG_WARN_SUSPICIOUS_MOVE = YES;
				CLANG_WARN_UNGUARDED_AVAILABILITY = YES_AGGRESSIVE;
				CLANG_WARN_UNREACHABLE_CODE = YES;
				CLANG_WARN__DUPLICATE_METHOD_MATCH = YES;
				COPY_PHASE_STRIP = NO;
				DEBUG_INFORMATION_FORMAT = "dwarf-with-dsym";
				ENABLE_NS_ASSERTIONS = NO;
				ENABLE_STRICT_OBJC_MSGSEND = YES;
				GCC_C_LANGUAGE_STANDARD = gnu11;
				GCC_NO_COMMON_BLOCKS = YES;
				GCC_WARN_64_TO_32_BIT_CONVERSION = YES;
				GCC_WARN_ABOUT_RETURN_TYPE = YES_ERROR;
				GCC_WARN_UNDECLARED_SELECTOR = YES;
				GCC_WARN_UNINITIALIZED_AUTOS = YES_AGGRESSIVE;
				GCC_WARN_UNUSED_FUNCTION = YES;
				GCC_WARN_UNUSED_VARIABLE = YES;
				IPHONEOS_DEPLOYMENT_TARGET = 15.2;
				MTL_ENABLE_DEBUG_INFO = NO;
				MTL_FAST_MATH = YES;
				SDKROOT = iphoneos;
				VALIDATE_PRODUCT = YES;
			};
			name = Release;
		};
		CD84616729C78A6200D4D6B7 /* Debug */ = {
			isa = XCBuildConfiguration;
			buildSettings = {
				ASSETCATALOG_COMPILER_APPICON_NAME = AppIcon;
				ASSETCATALOG_COMPILER_GLOBAL_ACCENT_COLOR_NAME = AccentColor;
				CODE_SIGN_STYLE = Automatic;
				CURRENT_PROJECT_VERSION = 1;
				DEVELOPMENT_TEAM = P7NZKNP5L2;
				GENERATE_INFOPLIST_FILE = YES;
				INFOPLIST_FILE = "core-graphics/Info.plist";
				INFOPLIST_KEY_UIApplicationSupportsIndirectInputEvents = YES;
				INFOPLIST_KEY_UILaunchStoryboardName = LaunchScreen;
				INFOPLIST_KEY_UIMainStoryboardFile = Main;
				INFOPLIST_KEY_UISupportedInterfaceOrientations_iPad = "UIInterfaceOrientationPortrait UIInterfaceOrientationPortraitUpsideDown UIInterfaceOrientationLandscapeLeft UIInterfaceOrientationLandscapeRight";
				INFOPLIST_KEY_UISupportedInterfaceOrientations_iPhone = "UIInterfaceOrientationPortrait UIInterfaceOrientationLandscapeLeft UIInterfaceOrientationLandscapeRight";
				LD_RUNPATH_SEARCH_PATHS = (
					"$(inherited)",
					"@executable_path/Frameworks",
				);
				MARKETING_VERSION = 1.0;
				PRODUCT_BUNDLE_IDENTIFIER = "herzbube.ch.core-graphics";
				PRODUCT_NAME = "$(TARGET_NAME)";
				SWIFT_EMIT_LOC_STRINGS = YES;
				TARGETED_DEVICE_FAMILY = "1,2";
			};
			name = Debug;
		};
		CD84616829C78A6200D4D6B7 /* Release */ = {
			isa = XCBuildConfiguration;
			buildSettings = {
				ASSETCATALOG_COMPILER_APPICON_NAME = AppIcon;
				ASSETCATALOG_COMPILER_GLOBAL_ACCENT_COLOR_NAME = AccentColor;
				CODE_SIGN_STYLE = Automatic;
				CURRENT_PROJECT_VERSION = 1;
				DEVELOPMENT_TEAM = P7NZKNP5L2;
				GENERATE_INFOPLIST_FILE = YES;
				INFOPLIST_FILE = "core-graphics/Info.plist";
				INFOPLIST_KEY_UIApplicationSupportsIndirectInputEvents = YES;
				INFOPLIST_KEY_UILaunchStoryboardName = LaunchScreen;
				INFOPLIST_KEY_UIMainStoryboardFile = Main;
				INFOPLIST_KEY_UISupportedInterfaceOrientations_iPad = "UIInterfaceOrientationPortrait UIInterfaceOrientationPortraitUpsideDown UIInterfaceOrientationLandscapeLeft UIInterfaceOrientationLandscapeRight";
				INFOPLIST_KEY_UISupportedInterfaceOrientations_iPhone = "UIInterfaceOrientationPortrait UIInterfaceOrientationLandscapeLeft UIInterfaceOrientationLandscapeRight";
				LD_RUNPATH_SEARCH_PATHS = (
					"$(inherited)",
					"@executable_path/Frameworks",
				);
				MARKETING_VERSION = 1.0;
				PRODUCT_BUNDLE_IDENTIFIER = "herzbube.ch.core-graphics";
				PRODUCT_NAME = "$(TARGET_NAME)";
				SWIFT_EMIT_LOC_STRINGS = YES;
				TARGETED_DEVICE_FAMILY = "1,2";
			};
			name = Release;
		};
/* End XCBuildConfiguration section */

/* Begin XCConfigurationList section */
		CD84614829C78A5F00D4D6B7 /* Build configuration list for PBXProject "core-graphics" */ = {
			isa = XCConfigurationList;
			buildConfigurations = (
				CD84616429C78A6200D4D6B7 /* Debug */,
				CD84616529C78A6200D4D6B7 /* Release */,
			);
			defaultConfigurationIsVisible = 0;
			defaultConfigurationName = Release;
		};
		CD84616629C78A6200D4D6B7 /* Build configuration list for PBXNativeTarget "core-graphics" */ = {
			isa = XCConfigurationList;
			buildConfigurations = (
				CD84616729C78A6200D4D6B7 /* Debug */,
				CD84616829C78A6200D4D6B7 /* Release */,
			);
			defaultConfigurationIsVisible = 0;
			defaultConfigurationName = Release;
		};
/* End XCConfigurationList section */
	};
	rootObject = CD84614529C78A5F00D4D6B7 /* Project object */;
}
